
Microsoft Visual Studio Solution File, Format Version 12.00
# Visual Studio Version 16
VisualStudioVersion = 16.0.30114.105
MinimumVisualStudioVersion = 10.0.40219.1
Project("{FAE04EC0-301F-11D3-BF4B-00C04F79EFBC}") = "Lab1_Xam.UWP", "Lab1_Xam\Lab1_Xam.UWP\Lab1_Xam.UWP.csproj", "{6F21EF53-14F7-4BA3-B95D-A94D62429E82}"
EndProject
Project("{FAE04EC0-301F-11D3-BF4B-00C04F79EFBC}") = "Lab1_Xam.Android", "Lab1_Xam\Lab1_Xam.Android\Lab1_Xam.Android.csproj", "{8D3E0870-6751-4BC2-9792-47E599B1DC80}"
EndProject
Project("{FAE04EC0-301F-11D3-BF4B-00C04F79EFBC}") = "Lab1_Xam.iOS", "Lab1_Xam\Lab1_Xam.iOS\Lab1_Xam.iOS.csproj", "{0E76FF6F-688D-4E9E-8DF5-7CD7F2986370}"
EndProject
Project("{FAE04EC0-301F-11D3-BF4B-00C04F79EFBC}") = "Lab1_Xam", "Lab1_Xam\Lab1_Xam\Lab1_Xam.csproj", "{6B44BFE6-73CF-40F8-BB0C-B1A04D11232D}"
EndProject
Global
	GlobalSection(SolutionConfigurationPlatforms) = preSolution
		Debug|Any CPU = Debug|Any CPU
		Debug|ARM = Debug|ARM
		Debug|iPhone = Debug|iPhone
		Debug|iPhoneSimulator = Debug|iPhoneSimulator
		Debug|x64 = Debug|x64
		Debug|x86 = Debug|x86
		Release|Any CPU = Release|Any CPU
		Release|ARM = Release|ARM
		Release|iPhone = Release|iPhone
		Release|iPhoneSimulator = Release|iPhoneSimulator
		Release|x64 = Release|x64
		Release|x86 = Release|x86
	EndGlobalSection
	GlobalSection(ProjectConfigurationPlatforms) = postSolution
		{6F21EF53-14F7-4BA3-B95D-A94D62429E82}.Debug|Any CPU.ActiveCfg = Debug|x86
		{6F21EF53-14F7-4BA3-B95D-A94D62429E82}.Debug|Any CPU.Build.0 = Debug|x86
		{6F21EF53-14F7-4BA3-B95D-A94D62429E82}.Debug|Any CPU.Deploy.0 = Debug|x86
		{6F21EF53-14F7-4BA3-B95D-A94D62429E82}.Debug|ARM.ActiveCfg = Debug|ARM
		{6F21EF53-14F7-4BA3-B95D-A94D62429E82}.Debug|ARM.Build.0 = Debug|ARM
		{6F21EF53-14F7-4BA3-B95D-A94D62429E82}.Debug|ARM.Deploy.0 = Debug|ARM
		{6F21EF53-14F7-4BA3-B95D-A94D62429E82}.Debug|iPhone.ActiveCfg = Debug|x86
		{6F21EF53-14F7-4BA3-B95D-A94D62429E82}.Debug|iPhone.Build.0 = Debug|x86
		{6F21EF53-14F7-4BA3-B95D-A94D62429E82}.Debug|iPhone.Deploy.0 = Debug|x86
		{6F21EF53-14F7-4BA3-B95D-A94D62429E82}.Debug|iPhoneSimulator.ActiveCfg = Debug|x86
		{6F21EF53-14F7-4BA3-B95D-A94D62429E82}.Debug|iPhoneSimulator.Build.0 = Debug|x86
		{6F21EF53-14F7-4BA3-B95D-A94D62429E82}.Debug|iPhoneSimulator.Deploy.0 = Debug|x86
		{6F21EF53-14F7-4BA3-B95D-A94D62429E82}.Debug|x64.ActiveCfg = Debug|x64
		{6F21EF53-14F7-4BA3-B95D-A94D62429E82}.Debug|x64.Build.0 = Debug|x64
		{6F21EF53-14F7-4BA3-B95D-A94D62429E82}.Debug|x64.Deploy.0 = Debug|x64
		{6F21EF53-14F7-4BA3-B95D-A94D62429E82}.Debug|x86.ActiveCfg = Debug|x86
		{6F21EF53-14F7-4BA3-B95D-A94D62429E82}.Debug|x86.Build.0 = Debug|x86
		{6F21EF53-14F7-4BA3-B95D-A94D62429E82}.Debug|x86.Deploy.0 = Debug|x86
		{6F21EF53-14F7-4BA3-B95D-A94D62429E82}.Release|Any CPU.ActiveCfg = Release|x86
		{6F21EF53-14F7-4BA3-B95D-A94D62429E82}.Release|Any CPU.Build.0 = Release|x86
		{6F21EF53-14F7-4BA3-B95D-A94D62429E82}.Release|Any CPU.Deploy.0 = Release|x86
		{6F21EF53-14F7-4BA3-B95D-A94D62429E82}.Release|ARM.ActiveCfg = Release|ARM
		{6F21EF53-14F7-4BA3-B95D-A94D62429E82}.Release|ARM.Build.0 = Release|ARM
		{6F21EF53-14F7-4BA3-B95D-A94D62429E82}.Release|ARM.Deploy.0 = Release|ARM
		{6F21EF53-14F7-4BA3-B95D-A94D62429E82}.Release|iPhone.ActiveCfg = Release|x86
		{6F21EF53-14F7-4BA3-B95D-A94D62429E82}.Release|iPhone.Build.0 = Release|x86
		{6F21EF53-14F7-4BA3-B95D-A94D62429E82}.Release|iPhone.Deploy.0 = Release|x86
		{6F21EF53-14F7-4BA3-B95D-A94D62429E82}.Release|iPhoneSimulator.ActiveCfg = Release|x86
		{6F21EF53-14F7-4BA3-B95D-A94D62429E82}.Release|iPhoneSimulator.Build.0 = Release|x86
		{6F21EF53-14F7-4BA3-B95D-A94D62429E82}.Release|iPhoneSimulator.Deploy.0 = Release|x86
		{6F21EF53-14F7-4BA3-B95D-A94D62429E82}.Release|x64.ActiveCfg = Release|x64
		{6F21EF53-14F7-4BA3-B95D-A94D62429E82}.Release|x64.Build.0 = Release|x64
		{6F21EF53-14F7-4BA3-B95D-A94D62429E82}.Release|x64.Deploy.0 = Release|x64
		{6F21EF53-14F7-4BA3-B95D-A94D62429E82}.Release|x86.ActiveCfg = Release|x86
		{6F21EF53-14F7-4BA3-B95D-A94D62429E82}.Release|x86.Build.0 = Release|x86
		{6F21EF53-14F7-4BA3-B95D-A94D62429E82}.Release|x86.Deploy.0 = Release|x86
		{8D3E0870-6751-4BC2-9792-47E599B1DC80}.Debug|Any CPU.ActiveCfg = Debug|Any CPU
		{8D3E0870-6751-4BC2-9792-47E599B1DC80}.Debug|Any CPU.Build.0 = Debug|Any CPU
		{8D3E0870-6751-4BC2-9792-47E599B1DC80}.Debug|Any CPU.Deploy.0 = Debug|Any CPU
		{8D3E0870-6751-4BC2-9792-47E599B1DC80}.Debug|ARM.ActiveCfg = Debug|Any CPU
		{8D3E0870-6751-4BC2-9792-47E599B1DC80}.Debug|ARM.Build.0 = Debug|Any CPU
		{8D3E0870-6751-4BC2-9792-47E599B1DC80}.Debug|ARM.Deploy.0 = Debug|Any CPU
		{8D3E0870-6751-4BC2-9792-47E599B1DC80}.Debug|iPhone.ActiveCfg = Debug|Any CPU
		{8D3E0870-6751-4BC2-9792-47E599B1DC80}.Debug|iPhone.Build.0 = Debug|Any CPU
		{8D3E0870-6751-4BC2-9792-47E599B1DC80}.Debug|iPhone.Deploy.0 = Debug|Any CPU
		{8D3E0870-6751-4BC2-9792-47E599B1DC80}.Debug|iPhoneSimulator.ActiveCfg = Debug|Any CPU
		{8D3E0870-6751-4BC2-9792-47E599B1DC80}.Debug|iPhoneSimulator.Build.0 = Debug|Any CPU
		{8D3E0870-6751-4BC2-9792-47E599B1DC80}.Debug|iPhoneSimulator.Deploy.0 = Debug|Any CPU
		{8D3E0870-6751-4BC2-9792-47E599B1DC80}.Debug|x64.ActiveCfg = Debug|Any CPU
		{8D3E0870-6751-4BC2-9792-47E599B1DC80}.Debug|x64.Build.0 = Debug|Any CPU
		{8D3E0870-6751-4BC2-9792-47E599B1DC80}.Debug|x64.Deploy.0 = Debug|Any CPU
		{8D3E0870-6751-4BC2-9792-47E599B1DC80}.Debug|x86.ActiveCfg = Debug|Any CPU
		{8D3E0870-6751-4BC2-9792-47E599B1DC80}.Debug|x86.Build.0 = Debug|Any CPU
		{8D3E0870-6751-4BC2-9792-47E599B1DC80}.Debug|x86.Deploy.0 = Debug|Any CPU
		{8D3E0870-6751-4BC2-9792-47E599B1DC80}.Release|Any CPU.ActiveCfg = Release|Any CPU
		{8D3E0870-6751-4BC2-9792-47E599B1DC80}.Release|Any CPU.Build.0 = Release|Any CPU
		{8D3E0870-6751-4BC2-9792-47E599B1DC80}.Release|Any CPU.Deploy.0 = Release|Any CPU
		{8D3E0870-6751-4BC2-9792-47E599B1DC80}.Release|ARM.ActiveCfg = Release|Any CPU
		{8D3E0870-6751-4BC2-9792-47E599B1DC80}.Release|ARM.Build.0 = Release|Any CPU
		{8D3E0870-6751-4BC2-9792-47E599B1DC80}.Release|ARM.Deploy.0 = Release|Any CPU
		{8D3E0870-6751-4BC2-9792-47E599B1DC80}.Release|iPhone.ActiveCfg = Release|Any CPU
		{8D3E0870-6751-4BC2-9792-47E599B1DC80}.Release|iPhone.Build.0 = Release|Any CPU
		{8D3E0870-6751-4BC2-9792-47E599B1DC80}.Release|iPhone.Deploy.0 = Release|Any CPU
		{8D3E0870-6751-4BC2-9792-47E599B1DC80}.Release|iPhoneSimulator.ActiveCfg = Release|Any CPU
		{8D3E0870-6751-4BC2-9792-47E599B1DC80}.Release|iPhoneSimulator.Build.0 = Release|Any CPU
		{8D3E0870-6751-4BC2-9792-47E599B1DC80}.Release|iPhoneSimulator.Deploy.0 = Release|Any CPU
		{8D3E0870-6751-4BC2-9792-47E599B1DC80}.Release|x64.ActiveCfg = Release|Any CPU
		{8D3E0870-6751-4BC2-9792-47E599B1DC80}.Release|x64.Build.0 = Release|Any CPU
		{8D3E0870-6751-4BC2-9792-47E599B1DC80}.Release|x64.Deploy.0 = Release|Any CPU
		{8D3E0870-6751-4BC2-9792-47E599B1DC80}.Release|x86.ActiveCfg = Release|Any CPU
		{8D3E0870-6751-4BC2-9792-47E599B1DC80}.Release|x86.Build.0 = Release|Any CPU
		{8D3E0870-6751-4BC2-9792-47E599B1DC80}.Release|x86.Deploy.0 = Release|Any CPU
		{0E76FF6F-688D-4E9E-8DF5-7CD7F2986370}.Debug|Any CPU.ActiveCfg = Debug|iPhone
		{0E76FF6F-688D-4E9E-8DF5-7CD7F2986370}.Debug|Any CPU.Build.0 = Debug|iPhone
		{0E76FF6F-688D-4E9E-8DF5-7CD7F2986370}.Debug|Any CPU.Deploy.0 = Debug|iPhone
		{0E76FF6F-688D-4E9E-8DF5-7CD7F2986370}.Debug|ARM.ActiveCfg = Debug|iPhone
		{0E76FF6F-688D-4E9E-8DF5-7CD7F2986370}.Debug|ARM.Build.0 = Debug|iPhone
		{0E76FF6F-688D-4E9E-8DF5-7CD7F2986370}.Debug|ARM.Deploy.0 = Debug|iPhone
		{0E76FF6F-688D-4E9E-8DF5-7CD7F2986370}.Debug|iPhone.ActiveCfg = Debug|iPhone
		{0E76FF6F-688D-4E9E-8DF5-7CD7F2986370}.Debug|iPhone.Build.0 = Debug|iPhone
		{0E76FF6F-688D-4E9E-8DF5-7CD7F2986370}.Debug|iPhone.Deploy.0 = Debug|iPhone
		{0E76FF6F-688D-4E9E-8DF5-7CD7F2986370}.Debug|iPhoneSimulator.ActiveCfg = Debug|iPhoneSimulator
		{0E76FF6F-688D-4E9E-8DF5-7CD7F2986370}.Debug|iPhoneSimulator.Build.0 = Debug|iPhoneSimulator
		{0E76FF6F-688D-4E9E-8DF5-7CD7F2986370}.Debug|iPhoneSimulator.Deploy.0 = Debug|iPhoneSimulator
		{0E76FF6F-688D-4E9E-8DF5-7CD7F2986370}.Debug|x64.ActiveCfg = Debug|iPhone
		{0E76FF6F-688D-4E9E-8DF5-7CD7F2986370}.Debug|x64.Build.0 = Debug|iPhone
		{0E76FF6F-688D-4E9E-8DF5-7CD7F2986370}.Debug|x64.Deploy.0 = Debug|iPhone
		{0E76FF6F-688D-4E9E-8DF5-7CD7F2986370}.Debug|x86.ActiveCfg = Debug|iPhone
		{0E76FF6F-688D-4E9E-8DF5-7CD7F2986370}.Debug|x86.Build.0 = Debug|iPhone
		{0E76FF6F-688D-4E9E-8DF5-7CD7F2986370}.Debug|x86.Deploy.0 = Debug|iPhone
		{0E76FF6F-688D-4E9E-8DF5-7CD7F2986370}.Release|Any CPU.ActiveCfg = Release|iPhone
		{0E76FF6F-688D-4E9E-8DF5-7CD7F2986370}.Release|Any CPU.Build.0 = Release|iPhone
		{0E76FF6F-688D-4E9E-8DF5-7CD7F2986370}.Release|Any CPU.Deploy.0 = Release|iPhone
		{0E76FF6F-688D-4E9E-8DF5-7CD7F2986370}.Release|ARM.ActiveCfg = Release|iPhone
		{0E76FF6F-688D-4E9E-8DF5-7CD7F2986370}.Release|ARM.Build.0 = Release|iPhone
		{0E76FF6F-688D-4E9E-8DF5-7CD7F2986370}.Release|ARM.Deploy.0 = Release|iPhone
		{0E76FF6F-688D-4E9E-8DF5-7CD7F2986370}.Release|iPhone.ActiveCfg = Release|iPhone
		{0E76FF6F-688D-4E9E-8DF5-7CD7F2986370}.Release|iPhone.Build.0 = Release|iPhone
		{0E76FF6F-688D-4E9E-8DF5-7CD7F2986370}.Release|iPhone.Deploy.0 = Release|iPhone
		{0E76FF6F-688D-4E9E-8DF5-7CD7F2986370}.Release|iPhoneSimulator.ActiveCfg = Release|iPhoneSimulator
		{0E76FF6F-688D-4E9E-8DF5-7CD7F2986370}.Release|iPhoneSimulator.Build.0 = Release|iPhoneSimulator
		{0E76FF6F-688D-4E9E-8DF5-7CD7F2986370}.Release|iPhoneSimulator.Deploy.0 = Release|iPhoneSimulator
		{0E76FF6F-688D-4E9E-8DF5-7CD7F2986370}.Release|x64.ActiveCfg = Release|iPhone
		{0E76FF6F-688D-4E9E-8DF5-7CD7F2986370}.Release|x64.Build.0 = Release|iPhone
		{0E76FF6F-688D-4E9E-8DF5-7CD7F2986370}.Release|x64.Deploy.0 = Release|iPhone
		{0E76FF6F-688D-4E9E-8DF5-7CD7F2986370}.Release|x86.ActiveCfg = Release|iPhone
		{0E76FF6F-688D-4E9E-8DF5-7CD7F2986370}.Release|x86.Build.0 = Release|iPhone
		{0E76FF6F-688D-4E9E-8DF5-7CD7F2986370}.Release|x86.Deploy.0 = Release|iPhone
		{6B44BFE6-73CF-40F8-BB0C-B1A04D11232D}.Debug|Any CPU.ActiveCfg = Debug|Any CPU
		{6B44BFE6-73CF-40F8-BB0C-B1A04D11232D}.Debug|Any CPU.Build.0 = Debug|Any CPU
		{6B44BFE6-73CF-40F8-BB0C-B1A04D11232D}.Debug|Any CPU.Deploy.0 = Debug|Any CPU
		{6B44BFE6-73CF-40F8-BB0C-B1A04D11232D}.Debug|ARM.ActiveCfg = Debug|Any CPU
		{6B44BFE6-73CF-40F8-BB0C-B1A04D11232D}.Debug|ARM.Build.0 = Debug|Any CPU
		{6B44BFE6-73CF-40F8-BB0C-B1A04D11232D}.Debug|ARM.Deploy.0 = Debug|Any CPU
		{6B44BFE6-73CF-40F8-BB0C-B1A04D11232D}.Debug|iPhone.ActiveCfg = Debug|Any CPU
		{6B44BFE6-73CF-40F8-BB0C-B1A04D11232D}.Debug|iPhone.Build.0 = Debug|Any CPU
		{6B44BFE6-73CF-40F8-BB0C-B1A04D11232D}.Debug|iPhone.Deploy.0 = Debug|Any CPU
		{6B44BFE6-73CF-40F8-BB0C-B1A04D11232D}.Debug|iPhoneSimulator.ActiveCfg = Debug|Any CPU
		{6B44BFE6-73CF-40F8-BB0C-B1A04D11232D}.Debug|iPhoneSimulator.Build.0 = Debug|Any CPU
		{6B44BFE6-73CF-40F8-BB0C-B1A04D11232D}.Debug|iPhoneSimulator.Deploy.0 = Debug|Any CPU
		{6B44BFE6-73CF-40F8-BB0C-B1A04D11232D}.Debug|x64.ActiveCfg = Debug|Any CPU
		{6B44BFE6-73CF-40F8-BB0C-B1A04D11232D}.Debug|x64.Build.0 = Debug|Any CPU
		{6B44BFE6-73CF-40F8-BB0C-B1A04D11232D}.Debug|x64.Deploy.0 = Debug|Any CPU
		{6B44BFE6-73CF-40F8-BB0C-B1A04D11232D}.Debug|x86.ActiveCfg = Debug|Any CPU
		{6B44BFE6-73CF-40F8-BB0C-B1A04D11232D}.Debug|x86.Build.0 = Debug|Any CPU
		{6B44BFE6-73CF-40F8-BB0C-B1A04D11232D}.Debug|x86.Deploy.0 = Debug|Any CPU
		{6B44BFE6-73CF-40F8-BB0C-B1A04D11232D}.Release|Any CPU.ActiveCfg = Release|Any CPU
		{6B44BFE6-73CF-40F8-BB0C-B1A04D11232D}.Release|Any CPU.Build.0 = Release|Any CPU
		{6B44BFE6-73CF-40F8-BB0C-B1A04D11232D}.Release|Any CPU.Deploy.0 = Release|Any CPU
		{6B44BFE6-73CF-40F8-BB0C-B1A04D11232D}.Release|ARM.ActiveCfg = Release|Any CPU
		{6B44BFE6-73CF-40F8-BB0C-B1A04D11232D}.Release|ARM.Build.0 = Release|Any CPU
		{6B44BFE6-73CF-40F8-BB0C-B1A04D11232D}.Release|ARM.Deploy.0 = Release|Any CPU
		{6B44BFE6-73CF-40F8-BB0C-B1A04D11232D}.Release|iPhone.ActiveCfg = Release|Any CPU
		{6B44BFE6-73CF-40F8-BB0C-B1A04D11232D}.Release|iPhone.Build.0 = Release|Any CPU
		{6B44BFE6-73CF-40F8-BB0C-B1A04D11232D}.Release|iPhone.Deploy.0 = Release|Any CPU
		{6B44BFE6-73CF-40F8-BB0C-B1A04D11232D}.Release|iPhoneSimulator.ActiveCfg = Release|Any CPU
		{6B44BFE6-73CF-40F8-BB0C-B1A04D11232D}.Release|iPhoneSimulator.Build.0 = Release|Any CPU
		{6B44BFE6-73CF-40F8-BB0C-B1A04D11232D}.Release|iPhoneSimulator.Deploy.0 = Release|Any CPU
		{6B44BFE6-73CF-40F8-BB0C-B1A04D11232D}.Release|x64.ActiveCfg = Release|Any CPU
		{6B44BFE6-73CF-40F8-BB0C-B1A04D11232D}.Release|x64.Build.0 = Release|Any CPU
		{6B44BFE6-73CF-40F8-BB0C-B1A04D11232D}.Release|x64.Deploy.0 = Release|Any CPU
		{6B44BFE6-73CF-40F8-BB0C-B1A04D11232D}.Release|x86.ActiveCfg = Release|Any CPU
		{6B44BFE6-73CF-40F8-BB0C-B1A04D11232D}.Release|x86.Build.0 = Release|Any CPU
		{6B44BFE6-73CF-40F8-BB0C-B1A04D11232D}.Release|x86.Deploy.0 = Release|Any CPU
	EndGlobalSection
	GlobalSection(SolutionProperties) = preSolution
		HideSolutionNode = FALSE
	EndGlobalSection
	GlobalSection(ExtensibilityGlobals) = postSolution
		SolutionGuid = {67D3B2C7-0453-4063-B8F9-CFBB8DCF9093}
	EndGlobalSection
EndGlobal
